
Microsoft Visual Studio Solution File, Format Version 12.00
# Visual Studio Version 17
VisualStudioVersion = 17.9.34622.214
MinimumVisualStudioVersion = 10.0.40219.1
Project("{FAE04EC0-301F-11D3-BF4B-00C04F79EFBC}") = "WindowsFormsAppSGA", "WindowsFormsAppSGA\WindowsFormsAppSGA.csproj", "{35AFA362-6215-416D-A531-67413D7F61DC}"
EndProject
Global
	GlobalSection(SolutionConfigurationPlatforms) = preSolution
		Debug|Any CPU = Debug|Any CPU
		Release|Any CPU = Release|Any CPU
	EndGlobalSection
	GlobalSection(ProjectConfigurationPlatforms) = postSolution
		{35AFA362-6215-416D-A531-67413D7F61DC}.Debug|Any CPU.ActiveCfg = Debug|Any CPU
		{35AFA362-6215-416D-A531-67413D7F61DC}.Debug|Any CPU.Build.0 = Debug|Any CPU
		{35AFA362-6215-416D-A531-67413D7F61DC}.Release|Any CPU.ActiveCfg = Release|Any CPU
		{35AFA362-6215-416D-A531-67413D7F61DC}.Release|Any CPU.Build.0 = Release|Any CPU
	EndGlobalSection
	GlobalSection(SolutionProperties) = preSolution
		HideSolutionNode = FALSE
	EndGlobalSection
	GlobalSection(ExtensibilityGlobals) = postSolution
		SolutionGuid = {D0153D9C-4524-4759-B4E9-B652D9C7F44C}
	EndGlobalSection
EndGlobal
